
Microsoft Visual Studio Solution File, Format Version 12.00
# Visual Studio Version 17
VisualStudioVersion = 17.4.33213.308
MinimumVisualStudioVersion = 10.0.40219.1
Project("{8BC9CEB8-8B4A-11D0-8D11-00A0C91BC942}") = "Ejercicio01", "Ejercicio01\Ejercicio01.vcxproj", "{19F556E7-83AA-4ECC-97C3-EF116FF2E195}"
EndProject
Project("{8BC9CEB8-8B4A-11D0-8D11-00A0C91BC942}") = "Ejercicio02", "Ejercicio02\Ejercicio02.vcxproj", "{355246C5-731F-46EF-AF47-B933D816C808}"
EndProject
Project("{8BC9CEB8-8B4A-11D0-8D11-00A0C91BC942}") = "Ejercicio03", "Ejercicio03\Ejercicio03.vcxproj", "{679CAE7C-F83E-45BA-8D9C-25B2A3964222}"
EndProject
Project("{8BC9CEB8-8B4A-11D0-8D11-00A0C91BC942}") = "Ejercicio04", "Ejercicio04\Ejercicio04.vcxproj", "{A277B5EE-AABA-4010-A475-715028896D4A}"
EndProject
Project("{8BC9CEB8-8B4A-11D0-8D11-00A0C91BC942}") = "Ejercicio05", "Ejercicio05\Ejercicio05.vcxproj", "{D2D1567C-2AF7-44BD-BEB5-8B0E4F8BD159}"
EndProject
Project("{8BC9CEB8-8B4A-11D0-8D11-00A0C91BC942}") = "Ejercicio06", "Ejercicio06\Ejercicio06.vcxproj", "{CB9F6C5F-C09E-4031-9396-10F8B34F44A4}"
EndProject
Project("{8BC9CEB8-8B4A-11D0-8D11-00A0C91BC942}") = "Ejercicio07", "Ejercicio07\Ejercicio07.vcxproj", "{EC2AD2D4-520D-4857-A80C-C9318640B89F}"
EndProject
Project("{8BC9CEB8-8B4A-11D0-8D11-00A0C91BC942}") = "Ejercicio08", "Ejercicio08\Ejercicio08.vcxproj", "{E7A7D17B-158C-432C-AB81-F7D861ECE06C}"
EndProject
Global
	GlobalSection(SolutionConfigurationPlatforms) = preSolution
		Debug|x64 = Debug|x64
		Debug|x86 = Debug|x86
		Release|x64 = Release|x64
		Release|x86 = Release|x86
	EndGlobalSection
	GlobalSection(ProjectConfigurationPlatforms) = postSolution
		{19F556E7-83AA-4ECC-97C3-EF116FF2E195}.Debug|x64.ActiveCfg = Debug|x64
		{19F556E7-83AA-4ECC-97C3-EF116FF2E195}.Debug|x64.Build.0 = Debug|x64
		{19F556E7-83AA-4ECC-97C3-EF116FF2E195}.Debug|x86.ActiveCfg = Debug|Win32
		{19F556E7-83AA-4ECC-97C3-EF116FF2E195}.Debug|x86.Build.0 = Debug|Win32
		{19F556E7-83AA-4ECC-97C3-EF116FF2E195}.Release|x64.ActiveCfg = Release|x64
		{19F556E7-83AA-4ECC-97C3-EF116FF2E195}.Release|x64.Build.0 = Release|x64
		{19F556E7-83AA-4ECC-97C3-EF116FF2E195}.Release|x86.ActiveCfg = Release|Win32
		{19F556E7-83AA-4ECC-97C3-EF116FF2E195}.Release|x86.Build.0 = Release|Win32
		{355246C5-731F-46EF-AF47-B933D816C808}.Debug|x64.ActiveCfg = Debug|x64
		{355246C5-731F-46EF-AF47-B933D816C808}.Debug|x64.Build.0 = Debug|x64
		{355246C5-731F-46EF-AF47-B933D816C808}.Debug|x86.ActiveCfg = Debug|Win32
		{355246C5-731F-46EF-AF47-B933D816C808}.Debug|x86.Build.0 = Debug|Win32
		{355246C5-731F-46EF-AF47-B933D816C808}.Release|x64.ActiveCfg = Release|x64
		{355246C5-731F-46EF-AF47-B933D816C808}.Release|x64.Build.0 = Release|x64
		{355246C5-731F-46EF-AF47-B933D816C808}.Release|x86.ActiveCfg = Release|Win32
		{355246C5-731F-46EF-AF47-B933D816C808}.Release|x86.Build.0 = Release|Win32
		{679CAE7C-F83E-45BA-8D9C-25B2A3964222}.Debug|x64.ActiveCfg = Debug|x64
		{679CAE7C-F83E-45BA-8D9C-25B2A3964222}.Debug|x64.Build.0 = Debug|x64
		{679CAE7C-F83E-45BA-8D9C-25B2A3964222}.Debug|x86.ActiveCfg = Debug|Win32
		{679CAE7C-F83E-45BA-8D9C-25B2A3964222}.Debug|x86.Build.0 = Debug|Win32
		{679CAE7C-F83E-45BA-8D9C-25B2A3964222}.Release|x64.ActiveCfg = Release|x64
		{679CAE7C-F83E-45BA-8D9C-25B2A3964222}.Release|x64.Build.0 = Release|x64
		{679CAE7C-F83E-45BA-8D9C-25B2A3964222}.Release|x86.ActiveCfg = Release|Win32
		{679CAE7C-F83E-45BA-8D9C-25B2A3964222}.Release|x86.Build.0 = Release|Win32
		{A277B5EE-AABA-4010-A475-715028896D4A}.Debug|x64.ActiveCfg = Debug|x64
		{A277B5EE-AABA-4010-A475-715028896D4A}.Debug|x64.Build.0 = Debug|x64
		{A277B5EE-AABA-4010-A475-715028896D4A}.Debug|x86.ActiveCfg = Debug|Win32
		{A277B5EE-AABA-4010-A475-715028896D4A}.Debug|x86.Build.0 = Debug|Win32
		{A277B5EE-AABA-4010-A475-715028896D4A}.Release|x64.ActiveCfg = Release|x64
		{A277B5EE-AABA-4010-A475-715028896D4A}.Release|x64.Build.0 = Release|x64
		{A277B5EE-AABA-4010-A475-715028896D4A}.Release|x86.ActiveCfg = Release|Win32
		{A277B5EE-AABA-4010-A475-715028896D4A}.Release|x86.Build.0 = Release|Win32
		{D2D1567C-2AF7-44BD-BEB5-8B0E4F8BD159}.Debug|x64.ActiveCfg = Debug|x64
		{D2D1567C-2AF7-44BD-BEB5-8B0E4F8BD159}.Debug|x64.Build.0 = Debug|x64
		{D2D1567C-2AF7-44BD-BEB5-8B0E4F8BD159}.Debug|x86.ActiveCfg = Debug|Win32
		{D2D1567C-2AF7-44BD-BEB5-8B0E4F8BD159}.Debug|x86.Build.0 = Debug|Win32
		{D2D1567C-2AF7-44BD-BEB5-8B0E4F8BD159}.Release|x64.ActiveCfg = Release|x64
		{D2D1567C-2AF7-44BD-BEB5-8B0E4F8BD159}.Release|x64.Build.0 = Release|x64
		{D2D1567C-2AF7-44BD-BEB5-8B0E4F8BD159}.Release|x86.ActiveCfg = Release|Win32
		{D2D1567C-2AF7-44BD-BEB5-8B0E4F8BD159}.Release|x86.Build.0 = Release|Win32
		{CB9F6C5F-C09E-4031-9396-10F8B34F44A4}.Debug|x64.ActiveCfg = Debug|x64
		{CB9F6C5F-C09E-4031-9396-10F8B34F44A4}.Debug|x64.Build.0 = Debug|x64
		{CB9F6C5F-C09E-4031-9396-10F8B34F44A4}.Debug|x86.ActiveCfg = Debug|Win32
		{CB9F6C5F-C09E-4031-9396-10F8B34F44A4}.Debug|x86.Build.0 = Debug|Win32
		{CB9F6C5F-C09E-4031-9396-10F8B34F44A4}.Release|x64.ActiveCfg = Release|x64
		{CB9F6C5F-C09E-4031-9396-10F8B34F44A4}.Release|x64.Build.0 = Release|x64
		{CB9F6C5F-C09E-4031-9396-10F8B34F44A4}.Release|x86.ActiveCfg = Release|Win32
		{CB9F6C5F-C09E-4031-9396-10F8B34F44A4}.Release|x86.Build.0 = Release|Win32
		{EC2AD2D4-520D-4857-A80C-C9318640B89F}.Debug|x64.ActiveCfg = Debug|x64
		{EC2AD2D4-520D-4857-A80C-C9318640B89F}.Debug|x64.Build.0 = Debug|x64
		{EC2AD2D4-520D-4857-A80C-C9318640B89F}.Debug|x86.ActiveCfg = Debug|Win32
		{EC2AD2D4-520D-4857-A80C-C9318640B89F}.Debug|x86.Build.0 = Debug|Win32
		{EC2AD2D4-520D-4857-A80C-C9318640B89F}.Release|x64.ActiveCfg = Release|x64
		{EC2AD2D4-520D-4857-A80C-C9318640B89F}.Release|x64.Build.0 = Release|x64
		{EC2AD2D4-520D-4857-A80C-C9318640B89F}.Release|x86.ActiveCfg = Release|Win32
		{EC2AD2D4-520D-4857-A80C-C9318640B89F}.Release|x86.Build.0 = Release|Win32
		{E7A7D17B-158C-432C-AB81-F7D861ECE06C}.Debug|x64.ActiveCfg = Debug|x64
		{E7A7D17B-158C-432C-AB81-F7D861ECE06C}.Debug|x64.Build.0 = Debug|x64
		{E7A7D17B-158C-432C-AB81-F7D861ECE06C}.Debug|x86.ActiveCfg = Debug|Win32
		{E7A7D17B-158C-432C-AB81-F7D861ECE06C}.Debug|x86.Build.0 = Debug|Win32
		{E7A7D17B-158C-432C-AB81-F7D861ECE06C}.Release|x64.ActiveCfg = Release|x64
		{E7A7D17B-158C-432C-AB81-F7D861ECE06C}.Release|x64.Build.0 = Release|x64
		{E7A7D17B-158C-432C-AB81-F7D861ECE06C}.Release|x86.ActiveCfg = Release|Win32
		{E7A7D17B-158C-432C-AB81-F7D861ECE06C}.Release|x86.Build.0 = Release|Win32
	EndGlobalSection
	GlobalSection(SolutionProperties) = preSolution
		HideSolutionNode = FALSE
	EndGlobalSection
	GlobalSection(ExtensibilityGlobals) = postSolution
		SolutionGuid = {6F6CF0BE-D8E6-475B-ABCA-9BD5128B1F52}
	EndGlobalSection
EndGlobal
